{
  "version": 4,
  "terraform_version": "1.14.8",
  "serial": 5,
  "lineage": "c8dc9d4e-ba07-f2fd-ba12-f89899d053a8",
  "outputs": {},
  "resources": [
    {
      "module": "module.tables",
      "mode": "managed",
      "type": "snowflake_table",
      "name": "dim_customer",
      "provider": "provider[\"registry.terraform.io/snowflakedb/snowflake\"]",
      "instances": [
        {
          "schema_version": 0,
          "attributes": {
            "change_tracking": false,
            "cluster_by": null,
            "column": [
              {
                "collate": "",
                "comment": "",
                "default": [],
                "identity": [],
                "masking_policy": "",
                "name": "CUSTOMER_ID",
                "nullable": true,
                "schema_evolution_record": "",
                "type": "VARCHAR(16777216)"
              },
              {
                "collate": "",
                "comment": "",
                "default": [],
                "identity": [],
                "masking_policy": "",
                "name": "NAME",
                "nullable": true,
                "schema_evolution_record": "",
                "type": "VARCHAR(16777216)"
              },
              {
                "collate": "",
                "comment": "",
                "default": [],
                "identity": [],
                "masking_policy": "",
                "name": "CITY",
                "nullable": true,
                "schema_evolution_record": "",
                "type": "VARCHAR(16777216)"
              }
            ],
            "comment": "",
            "data_retention_time_in_days": -1,
            "database": "GOLD_LAYER_DB",
            "fully_qualified_name": "\"GOLD_LAYER_DB\".\"GOLD\".\"DIM_CUSTOMER\"",
            "id": "GOLD_LAYER_DB|GOLD|DIM_CUSTOMER",
            "name": "DIM_CUSTOMER",
            "owner": "ACCOUNTADMIN",
            "primary_key": [],
            "schema": "GOLD",
            "tag": []
          },
          "sensitive_attributes": [],
          "identity_schema_version": 0,
          "private": "bnVsbA=="
        }
      ]
    },
    {
      "module": "module.tables",
      "mode": "managed",
      "type": "snowflake_table",
      "name": "dim_date",
      "provider": "provider[\"registry.terraform.io/snowflakedb/snowflake\"]",
      "instances": [
        {
          "schema_version": 0,
          "attributes": {
            "change_tracking": false,
            "cluster_by": null,
            "column": [
              {
                "collate": "",
                "comment": "",
                "default": [],
                "identity": [],
                "masking_policy": "",
                "name": "ORDER_DATE",
                "nullable": true,
                "schema_evolution_record": "",
                "type": "DATE"
              },
              {
                "collate": "",
                "comment": "",
                "default": [],
                "identity": [],
                "masking_policy": "",
                "name": "DATE_KEY",
                "nullable": true,
                "schema_evolution_record": "",
                "type": "NUMBER(38,0)"
              },
              {
                "collate": "",
                "comment": "",
                "default": [],
                "identity": [],
                "masking_policy": "",
                "name": "FULL_DATE",
                "nullable": true,
                "schema_evolution_record": "",
                "type": "DATE"
              },
              {
                "collate": "",
                "comment": "",
                "default": [],
                "identity": [],
                "masking_policy": "",
                "name": "DAY",
                "nullable": true,
                "schema_evolution_record": "",
                "type": "NUMBER(38,0)"
              },
              {
                "collate": "",
                "comment": "",
                "default": [],
                "identity": [],
                "masking_policy": "",
                "name": "MONTH",
                "nullable": true,
                "schema_evolution_record": "",
                "type": "NUMBER(38,0)"
              },
              {
                "collate": "",
                "comment": "",
                "default": [],
                "identity": [],
                "masking_policy": "",
                "name": "YEAR",
                "nullable": true,
                "schema_evolution_record": "",
                "type": "NUMBER(38,0)"
              },
              {
                "collate": "",
                "comment": "",
                "default": [],
                "identity": [],
                "masking_policy": "",
                "name": "QUARTER",
                "nullable": true,
                "schema_evolution_record": "",
                "type": "NUMBER(38,0)"
              },
              {
                "collate": "",
                "comment": "",
                "default": [],
                "identity": [],
                "masking_policy": "",
                "name": "DAY_OF_WEEK",
                "nullable": true,
                "schema_evolution_record": "",
                "type": "VARCHAR(16777216)"
              },
              {
                "collate": "",
                "comment": "",
                "default": [],
                "identity": [],
                "masking_policy": "",
                "name": "MONTH_NAME",
                "nullable": true,
                "schema_evolution_record": "",
                "type": "VARCHAR(16777216)"
              }
            ],
            "comment": "",
            "data_retention_time_in_days": -1,
            "database": "GOLD_LAYER_DB",
            "fully_qualified_name": "\"GOLD_LAYER_DB\".\"GOLD\".\"DIM_DATE\"",
            "id": "GOLD_LAYER_DB|GOLD|DIM_DATE",
            "name": "DIM_DATE",
            "owner": "ACCOUNTADMIN",
            "primary_key": [],
            "schema": "GOLD",
            "tag": []
          },
          "sensitive_attributes": [],
          "identity_schema_version": 0,
          "private": "bnVsbA=="
        }
      ]
    },
    {
      "module": "module.tables",
      "mode": "managed",
      "type": "snowflake_table",
      "name": "dim_product",
      "provider": "provider[\"registry.terraform.io/snowflakedb/snowflake\"]",
      "instances": [
        {
          "schema_version": 0,
          "attributes": {
            "change_tracking": false,
            "cluster_by": null,
            "column": [
              {
                "collate": "",
                "comment": "",
                "default": [],
                "identity": [],
                "masking_policy": "",
                "name": "PRODUCT_ID",
                "nullable": true,
                "schema_evolution_record": "",
                "type": "VARCHAR(16777216)"
              },
              {
                "collate": "",
                "comment": "",
                "default": [],
                "identity": [],
                "masking_policy": "",
                "name": "PRODUCT_NAME",
                "nullable": true,
                "schema_evolution_record": "",
                "type": "VARCHAR(16777216)"
              },
              {
                "collate": "",
                "comment": "",
                "default": [],
                "identity": [],
                "masking_policy": "",
                "name": "CATEGORY",
                "nullable": true,
                "schema_evolution_record": "",
                "type": "VARCHAR(16777216)"
              }
            ],
            "comment": "",
            "data_retention_time_in_days": -1,
            "database": "GOLD_LAYER_DB",
            "fully_qualified_name": "\"GOLD_LAYER_DB\".\"GOLD\".\"DIM_PRODUCT\"",
            "id": "GOLD_LAYER_DB|GOLD|DIM_PRODUCT",
            "name": "DIM_PRODUCT",
            "owner": "ACCOUNTADMIN",
            "primary_key": [],
            "schema": "GOLD",
            "tag": []
          },
          "sensitive_attributes": [],
          "identity_schema_version": 0,
          "private": "bnVsbA=="
        }
      ]
    },
    {
      "module": "module.tables",
      "mode": "managed",
      "type": "snowflake_table",
      "name": "fact_sales",
      "provider": "provider[\"registry.terraform.io/snowflakedb/snowflake\"]",
      "instances": [
        {
          "schema_version": 0,
          "attributes": {
            "change_tracking": false,
            "cluster_by": null,
            "column": [
              {
                "collate": "",
                "comment": "",
                "default": [],
                "identity": [],
                "masking_policy": "",
                "name": "ORDER_ID",
                "nullable": true,
                "schema_evolution_record": "",
                "type": "VARCHAR(16777216)"
              },
              {
                "collate": "",
                "comment": "",
                "default": [],
                "identity": [],
                "masking_policy": "",
                "name": "CUSTOMER_ID",
                "nullable": true,
                "schema_evolution_record": "",
                "type": "VARCHAR(16777216)"
              },
              {
                "collate": "",
                "comment": "",
                "default": [],
                "identity": [],
                "masking_policy": "",
                "name": "PRODUCT_ID",
                "nullable": true,
                "schema_evolution_record": "",
                "type": "VARCHAR(16777216)"
              },
              {
                "collate": "",
                "comment": "",
                "default": [],
                "identity": [],
                "masking_policy": "",
                "name": "DATE_KEY",
                "nullable": true,
                "schema_evolution_record": "",
                "type": "NUMBER(38,0)"
              },
              {
                "collate": "",
                "comment": "",
                "default": [],
                "identity": [],
                "masking_policy": "",
                "name": "QUANTITY",
                "nullable": true,
                "schema_evolution_record": "",
                "type": "NUMBER(38,0)"
              },
              {
                "collate": "",
                "comment": "",
                "default": [],
                "identity": [],
                "masking_policy": "",
                "name": "TOTAL_AMOUNT",
                "nullable": true,
                "schema_evolution_record": "",
                "type": "FLOAT"
              }
            ],
            "comment": "",
            "data_retention_time_in_days": -1,
            "database": "GOLD_LAYER_DB",
            "fully_qualified_name": "\"GOLD_LAYER_DB\".\"GOLD\".\"FACT_SALES\"",
            "id": "GOLD_LAYER_DB|GOLD|FACT_SALES",
            "name": "FACT_SALES",
            "owner": "ACCOUNTADMIN",
            "primary_key": [],
            "schema": "GOLD",
            "tag": []
          },
          "sensitive_attributes": [],
          "identity_schema_version": 0,
          "private": "bnVsbA=="
        }
      ]
    }
  ],
  "check_results": null
}
